{
  "requires": true,
  "lockfileVersion": 1,
  "dependencies": {
    "@babel/runtime": {
      "version": "7.1.2",
      "resolved": "https://registry.npmjs.org/@babel/runtime/-/runtime-7.1.2.tgz",
      "integrity": "sha512-Y3SCjmhSupzFB6wcv1KmmFucH6gDVnI30WjOcicV10ju0cZjak3Jcs67YLIXBrmZYw1xCrVeJPbycFwrqNyxpg==",
      "requires": {
        "regenerator-runtime": "^0.12.0"
      }
    },
    "cornerstone-core": {
      "version": "2.3.0",
      "resolved": "https://registry.npmjs.org/cornerstone-core/-/cornerstone-core-2.3.0.tgz",
      "integrity": "sha512-1LiCfRIlQvR1j8OhF7/3pvvQvvnTYZUywEkuoEo5K5mMrlKdrQMS75uW1uXb/nXShQDJyyjtTCQSVGgv2yHA+w=="
    },
    "cornerstone-math": {
      "version": "0.1.8",
      "resolved": "https://registry.npmjs.org/cornerstone-math/-/cornerstone-math-0.1.8.tgz",
      "integrity": "sha512-x7NEQHBtVG7j1yeyj/aRoKTpXv1Vh2/H9zNLMyqYJDtJkNng8C4Q8M3CgZ1qer0Yr7eVq2x+Ynmj6kfOm5jXKw=="
    },
    "cornerstone-tools": {
      "version": "4.19.1",
      "resolved": "https://registry.npmjs.org/cornerstone-tools/-/cornerstone-tools-4.19.1.tgz",
      "integrity": "sha512-ltobIAUEgnPswhWLSAm05HRP7pw99m07RNBYuoN4NInDD2ctvk3HxAjM1CAV2GO1zv8yMwKOaE/j2m70Na12mQ==",
      "requires": {
        "@babel/runtime": "7.1.2",
        "cornerstone-math": "0.1.7"
      },
      "dependencies": {
        "cornerstone-math": {
          "version": "0.1.7",
          "resolved": "https://registry.npmjs.org/cornerstone-math/-/cornerstone-math-0.1.7.tgz",
          "integrity": "sha512-svsDSoqLNFM9niCV2AtV2DNmRkYztT1v80lVdbA5hkgdGdpWg5/h2On794zbqBK+aI3hNOHufERDsI4wdXGknA=="
        }
      }
    },
    "cornerstone-wado-image-loader": {
      "version": "3.1.2",
      "resolved": "https://registry.npmjs.org/cornerstone-wado-image-loader/-/cornerstone-wado-image-loader-3.1.2.tgz",
      "integrity": "sha512-cnDHrsa2GREqdMb9pjsoHgue+suHkDyuS/W0R8ZVD1lr+LQdv56dVM8oK9n7yOeorA4/IXG8630IL7uHdCHAQA==",
      "requires": {
        "dicom-parser": "^1.8.3",
        "pako": "^1.0.10"
      }
    },
    "cornerstone-web-image-loader": {
      "version": "2.1.1",
      "resolved": "https://registry.npmjs.org/cornerstone-web-image-loader/-/cornerstone-web-image-loader-2.1.1.tgz",
      "integrity": "sha512-EYT7nLyXMFDeCCQhDkf6czFUm58EgqiTX+tOOLt79gPvbNRdEvPgQoXJgXOd5/3Xuc5QNqzTyOzYtf1v/KH0aA=="
    },
    "dicom-parser": {
      "version": "1.8.5",
      "resolved": "https://registry.npmjs.org/dicom-parser/-/dicom-parser-1.8.5.tgz",
      "integrity": "sha512-gaUOcyPkJ3ykOvSf1nQdNoTnIT4s/evXSaHHOH2OejmVxU3BGjjx1hXBy2zs57gH6ouMEa1TEhLXo4JEiSc1SA=="
    },
    "hammerjs": {
      "version": "2.0.8",
      "resolved": "https://registry.npmjs.org/hammerjs/-/hammerjs-2.0.8.tgz",
      "integrity": "sha1-BO93hiz/K7edMPdpIJWTAiK/YPE="
    },
    "pako": {
      "version": "1.0.11",
      "resolved": "https://registry.npmjs.org/pako/-/pako-1.0.11.tgz",
      "integrity": "sha512-4hLB8Py4zZce5s4yd9XzopqwVv/yGNhV1Bl8NTmCq1763HeK2+EwVTv+leGeL13Dnh2wfbqowVPXCIO0z4taYw=="
    },
    "regenerator-runtime": {
      "version": "0.12.1",
      "resolved": "https://registry.npmjs.org/regenerator-runtime/-/regenerator-runtime-0.12.1.tgz",
      "integrity": "sha512-odxIc1/vDlo4iZcfXqRYFj0vpXFNoGdKMAUieAlFYO6m/nl5e9KR/beGf41z4a1FI+aQgtjhuaSlDxQ0hmkrHg=="
    }
  }
}
